# THIS IS AN AUTOGENERATED FILE. DO NOT EDIT THIS FILE DIRECTLY.
# yarn lockfile v1


adler-32@~1.2.0:
  version "1.2.0"
  resolved "https://registry.yarnpkg.com/adler-32/-/adler-32-1.2.0.tgz#6a3e6bf0a63900ba15652808cb15c6813d1a5f25"
  dependencies:
    exit-on-epipe "~1.0.1"
    printj "~1.1.0"

cfb@~1.0.2:
  version "1.0.2"
  resolved "https://registry.yarnpkg.com/cfb/-/cfb-1.0.2.tgz#f51d9bbe5b5d1e75700581d68222f2ef46ec2142"
  dependencies:
    commander "^2.12.1"
    printj "~1.1.1"

codepage@~1.12.0:
  version "1.12.0"
  resolved "https://registry.yarnpkg.com/codepage/-/codepage-1.12.0.tgz#9c95f5729f8d775ecc7d9819098a7fb239beeeaf"
  dependencies:
    commander "~2.11.0"
    exit-on-epipe "~1.0.1"
    voc "~1.0.0"

commander@^2.12.1, commander@~2.13.0:
  version "2.13.0"
  resolved "https://registry.yarnpkg.com/commander/-/commander-2.13.0.tgz#6964bca67685df7c1f1430c584f07d7597885b9c"

commander@~2.11.0:
  version "2.11.0"
  resolved "https://registry.yarnpkg.com/commander/-/commander-2.11.0.tgz#157152fd1e7a6c8d98a5b715cf376df928004563"

crc-32@~1.2.0:
  version "1.2.0"
  resolved "https://registry.yarnpkg.com/crc-32/-/crc-32-1.2.0.tgz#cb2db6e29b88508e32d9dd0ec1693e7b41a18208"
  dependencies:
    exit-on-epipe "~1.0.1"
    printj "~1.1.0"

exit-on-epipe@~1.0.1:
  version "1.0.1"
  resolved "https://registry.yarnpkg.com/exit-on-epipe/-/exit-on-epipe-1.0.1.tgz#0bdd92e87d5285d267daa8171d0eb06159689692"

frac@~1.1.0:
  version "1.1.1"
  resolved "https://registry.yarnpkg.com/frac/-/frac-1.1.1.tgz#5f7f5c2ae029167d90153eea4b7dd2958d43d1f5"
  dependencies:
    voc "~1.0.0"

printj@~1.1.0, printj@~1.1.1:
  version "1.1.1"
  resolved "https://registry.yarnpkg.com/printj/-/printj-1.1.1.tgz#3749360215888d460a35b683ae13dcc02c620b47"

ssf@~0.10.1:
  version "0.10.1"
  resolved "https://registry.yarnpkg.com/ssf/-/ssf-0.10.1.tgz#f23d82b63792ef56089089c1cd0c848e911cdba6"
  dependencies:
    frac "~1.1.0"

voc@~1.0.0:
  version "1.0.0"
  resolved "https://registry.yarnpkg.com/voc/-/voc-1.0.0.tgz#5465c0ce11d0881f7d8e36d8ca587043f33a25ae"

xlsx@^0.11.18:
  version "0.11.18"
  resolved "https://registry.yarnpkg.com/xlsx/-/xlsx-0.11.18.tgz#36320107ccee1bc96b702c1aac2a004edb22c3d8"
  dependencies:
    adler-32 "~1.2.0"
    cfb "~1.0.2"
    codepage "~1.12.0"
    commander "~2.13.0"
    crc-32 "~1.2.0"
    exit-on-epipe "~1.0.1"
    ssf "~0.10.1"
